# This file is automatically @generated by Cargo.
# It is not intended for manual editing.
version = 3

[[package]]
name = "colors"
version = "0.1.0"

[[package]]
name = "examples"
version = "0.1.0"
dependencies = [
 "colors",
 "geometry",
 "image_lib",
 "renderer",
]

[[package]]
name = "geometry"
version = "0.1.0"

[[package]]
name = "image_lib"
version = "0.1.0"
dependencies = [
 "colors",
 "geometry",
]

[[package]]
name = "renderer"
version = "0.1.0"
dependencies = [
 "colors",
 "geometry",
 "image_lib",
]
